<?xml version="1.0" encoding="utf-8"?>
<Project ToolsVersion="4.0" xmlns="http://schemas.microsoft.com/developer/msbuild/2003">
  <ItemGroup>
    <Filter Include="source">
      <UniqueIdentifier>{0693c8a0-c031-4c1c-b307-4b1dcaee1cd4}</UniqueIdentifier>
      <Extensions>cpp;c;cxx;def;odl;idl;hpj;bat;asm</Extensions>
    </Filter>
    <Filter Include="include">
      <UniqueIdentifier>{5de88075-c4d7-4537-86db-c76cbe76b91b}</UniqueIdentifier>
      <Extensions>h;hpp;hxx;hm;inl;inc</Extensions>
    </Filter>
    <Filter Include="resource">
      <UniqueIdentifier>{e6941ee4-1495-4d7c-9fd5-0833a8092106}</UniqueIdentifier>
      <Extensions>rc;ico;cur;bmp;dlg;rc2;rct;bin;rgs;jpg;jpeg;jpe;png;manifest</Extensions>
    </Filter>
    <Filter Include="js">
      <UniqueIdentifier>{d5f9a96c-cc72-4ef6-9c85-bdeb8769df0e}</UniqueIdentifier>
    </Filter>
    <Filter Include="json">
      <UniqueIdentifier>{47477fa8-b8fa-479a-a273-a0ace0becd15}</UniqueIdentifier>
    </Filter>
    <Filter Include="js\Model">
      <UniqueIdentifier>{05d878b8-b47c-4d03-b940-7fdca5258341}</UniqueIdentifier>
    </Filter>
    <Filter Include="js\View">
      <UniqueIdentifier>{986734a8-1857-4318-839f-a6f3f55bdead}</UniqueIdentifier>
    </Filter>
    <Filter Include="js\Controller">
      <UniqueIdentifier>{627ea4e3-8e60-4784-ae9d-60c5023bb761}</UniqueIdentifier>
    </Filter>
  </ItemGroup>
  <ItemGroup>
    <None Include="res\TowerDefense.ico">
      <Filter>resource</Filter>
    </None>
    <None Include="..\Resources\helloworld.plist" />
    <None Include="..\Resources\Default.png">
      <Filter>resource</Filter>
    </None>
    <None Include="..\Resources\crop.png">
      <Filter>resource</Filter>
    </None>
    <None Include="..\Resources\farm.jpg">
      <Filter>resource</Filter>
    </None>
    <None Include="..\Resources\land.png">
      <Filter>resource</Filter>
    </None>
    <None Include="..\Resources\menu2.png">
      <Filter>resource</Filter>
    </None>
    <None Include="..\Resources\Icon.png">
      <Filter>resource</Filter>
    </None>
    <None Include="..\Resources\dog.png">
      <Filter>resource</Filter>
    </None>
    <None Include="..\Resources\menu1.png">
      <Filter>resource</Filter>
    </None>
    <None Include="..\Resources\background.mp3" />
    <None Include="..\Resources\background3.png">
      <Filter>resource</Filter>
    </None>
    <None Include="..\Resources\effect1.wav" />
    <None Include="..\Resources\close%402x.png">
      <Filter>resource</Filter>
    </None>
    <None Include="..\Resources\fps_images.png">
      <Filter>resource</Filter>
    </None>
    <None Include="..\Resources\fps_images-hd.png">
      <Filter>resource</Filter>
    </None>
    <None Include="..\Resources\fps_images-ipadhd.png">
      <Filter>resource</Filter>
    </None>
    <None Include="..\Resources\guntower.plist" />
    <None Include="..\Resources\main.js">
      <Filter>js</Filter>
    </None>
    <None Include="..\Resources\class.js">
      <Filter>js</Filter>
    </None>
    <None Include="..\resources\uibuild.js">
      <Filter>js\View</Filter>
    </None>
    <None Include="..\Resources\guntower.json">
      <Filter>json</Filter>
    </None>
    <None Include="..\Resources\gamemap.json">
      <Filter>json</Filter>
    </None>
    <None Include="..\Resources\selectedFrame.json">
      <Filter>json</Filter>
    </None>
    <None Include="..\Resources\tower.js">
      <Filter>js\Model</Filter>
    </None>
    <None Include="..\Resources\towerrender.js">
      <Filter>js\View</Filter>
    </None>
    <None Include="..\Resources\gameworld.js">
      <Filter>js\Model</Filter>
    </None>
    <None Include="..\Resources\gamemap.js">
      <Filter>js\View</Filter>
    </None>
    <None Include="..\Resources\gamecontroller.js">
      <Filter>js\Controller</Filter>
    </None>
    <None Include="..\Resources\enemy.js">
      <Filter>js\Model</Filter>
    </None>
    <None Include="..\Resources\towersprites.json">
      <Filter>json</Filter>
    </None>
    <None Include="..\Resources\AStar.js">
      <Filter>js\Model</Filter>
    </None>
  </ItemGroup>
  <ItemGroup>
    <ResourceCompile Include="TowerDefense.rc">
      <Filter>resource</Filter>
    </ResourceCompile>
  </ItemGroup>
  <ItemGroup>
    <ClInclude Include="resource.h">
      <Filter>include</Filter>
    </ClInclude>
    <ClInclude Include="main.h">
      <Filter>include</Filter>
    </ClInclude>
    <ClInclude Include="..\Classes\AppDelegate.h">
      <Filter>include</Filter>
    </ClInclude>
  </ItemGroup>
  <ItemGroup>
    <ClCompile Include="main.cpp">
      <Filter>source</Filter>
    </ClCompile>
    <ClCompile Include="..\Classes\AppDelegate.cpp">
      <Filter>source</Filter>
    </ClCompile>
  </ItemGroup>
</Project>